// !$*UTF8*$!
{
	archiveVersion = 1;
	classes = {
	};
	objectVersion = 56;
	objects = {

/* Begin PBXBuildFile section */
		133055192A2B984900F8240D /* CoinDataService.swift in Sources */ = {isa = PBXBuildFile; fileRef = 133055182A2B984900F8240D /* CoinDataService.swift */; };
		1330551C2A2C221B00F8240D /* NetworkingManager.swift in Sources */ = {isa = PBXBuildFile; fileRef = 1330551B2A2C221B00F8240D /* NetworkingManager.swift */; };
		1330551F2A2C269200F8240D /* CoinImageView.swift in Sources */ = {isa = PBXBuildFile; fileRef = 1330551E2A2C269200F8240D /* CoinImageView.swift */; };
		133055212A2C280F00F8240D /* CoinImageService.swift in Sources */ = {isa = PBXBuildFile; fileRef = 133055202A2C280F00F8240D /* CoinImageService.swift */; };
		133055232A2C292F00F8240D /* CoinImageViewModel.swift in Sources */ = {isa = PBXBuildFile; fileRef = 133055222A2C292F00F8240D /* CoinImageViewModel.swift */; };
		133055262A2C310800F8240D /* LocalFileManager.swift in Sources */ = {isa = PBXBuildFile; fileRef = 133055252A2C310800F8240D /* LocalFileManager.swift */; };
		133055282A30B81B00F8240D /* SearchBarView.swift in Sources */ = {isa = PBXBuildFile; fileRef = 133055272A30B81B00F8240D /* SearchBarView.swift */; };
		1330552D2A30BBA400F8240D /* PreviewProvider.swift in Sources */ = {isa = PBXBuildFile; fileRef = 1330552A2A30BBA400F8240D /* PreviewProvider.swift */; };
		1330552E2A30BBA400F8240D /* Double.swift in Sources */ = {isa = PBXBuildFile; fileRef = 1330552B2A30BBA400F8240D /* Double.swift */; };
		1330552F2A30BBA400F8240D /* Color.swift in Sources */ = {isa = PBXBuildFile; fileRef = 1330552C2A30BBA400F8240D /* Color.swift */; };
		133055332A30BBE400F8240D /* UIApplication.swift in Sources */ = {isa = PBXBuildFile; fileRef = 133055322A30BBE400F8240D /* UIApplication.swift */; };
		133055352A34716300F8240D /* StatisticModel.swift in Sources */ = {isa = PBXBuildFile; fileRef = 133055342A34716300F8240D /* StatisticModel.swift */; };
		133055372A34722B00F8240D /* StatisticView.swift in Sources */ = {isa = PBXBuildFile; fileRef = 133055362A34722B00F8240D /* StatisticView.swift */; };
		133055392A34754B00F8240D /* HomeStatsView.swift in Sources */ = {isa = PBXBuildFile; fileRef = 133055382A34754B00F8240D /* HomeStatsView.swift */; };
		1330553B2A34BA6900F8240D /* MarketDataModel.swift in Sources */ = {isa = PBXBuildFile; fileRef = 1330553A2A34BA6900F8240D /* MarketDataModel.swift */; };
		1330553D2A3610B400F8240D /* MarketDataService.swift in Sources */ = {isa = PBXBuildFile; fileRef = 1330553C2A3610B400F8240D /* MarketDataService.swift */; };
		1330553F2A38B42100F8240D /* PortfolioView.swift in Sources */ = {isa = PBXBuildFile; fileRef = 1330553E2A38B42100F8240D /* PortfolioView.swift */; };
		133055412A38B52500F8240D /* XMarkButton.swift in Sources */ = {isa = PBXBuildFile; fileRef = 133055402A38B52500F8240D /* XMarkButton.swift */; };
		133055432A38B78500F8240D /* CoinLogoView.swift in Sources */ = {isa = PBXBuildFile; fileRef = 133055422A38B78500F8240D /* CoinLogoView.swift */; };
		133055C12A5AD58800F8240D /* PortfolioContainer.xcdatamodeld in Sources */ = {isa = PBXBuildFile; fileRef = 133055BF2A5AD58800F8240D /* PortfolioContainer.xcdatamodeld */; };
		133055C32A5AD5E700F8240D /* PortfolioDataService.swift in Sources */ = {isa = PBXBuildFile; fileRef = 133055C22A5AD5E700F8240D /* PortfolioDataService.swift */; };
		133055C52A5C479700F8240D /* HapticManager.swift in Sources */ = {isa = PBXBuildFile; fileRef = 133055C42A5C479700F8240D /* HapticManager.swift */; };
		1332CC912A0A8CF9007A8920 /* CryptoYoutubeApp.swift in Sources */ = {isa = PBXBuildFile; fileRef = 1332CC902A0A8CF9007A8920 /* CryptoYoutubeApp.swift */; };
		1332CC932A0A8CF9007A8920 /* ContentView.swift in Sources */ = {isa = PBXBuildFile; fileRef = 1332CC922A0A8CF9007A8920 /* ContentView.swift */; };
		1332CC952A0A8CFA007A8920 /* Assets.xcassets in Resources */ = {isa = PBXBuildFile; fileRef = 1332CC942A0A8CFA007A8920 /* Assets.xcassets */; };
		1332CC982A0A8CFA007A8920 /* Preview Assets.xcassets in Resources */ = {isa = PBXBuildFile; fileRef = 1332CC972A0A8CFA007A8920 /* Preview Assets.xcassets */; };
		1332CCA02A0BD642007A8920 /* Color.swift in Sources */ = {isa = PBXBuildFile; fileRef = 1332CC9F2A0BD642007A8920 /* Color.swift */; };
		1332CCA72A0BD79A007A8920 /* HomeView.swift in Sources */ = {isa = PBXBuildFile; fileRef = 1332CCA62A0BD79A007A8920 /* HomeView.swift */; };
		1332CCAB2A0BD88A007A8920 /* CircleButtonView.swift in Sources */ = {isa = PBXBuildFile; fileRef = 1332CCAA2A0BD88A007A8920 /* CircleButtonView.swift */; };
		1332CCAD2A0BDBB7007A8920 /* CircleButtonAnimationView.swift in Sources */ = {isa = PBXBuildFile; fileRef = 1332CCAC2A0BDBB7007A8920 /* CircleButtonAnimationView.swift */; };
		1332CCB02A1125F3007A8920 /* CoinModel.swift in Sources */ = {isa = PBXBuildFile; fileRef = 1332CCAF2A1125F3007A8920 /* CoinModel.swift */; };
		1332CCB22A112C79007A8920 /* CoinRowView.swift in Sources */ = {isa = PBXBuildFile; fileRef = 1332CCB12A112C79007A8920 /* CoinRowView.swift */; };
		1332CCB42A151680007A8920 /* PreviewProvider.swift in Sources */ = {isa = PBXBuildFile; fileRef = 1332CCB32A151680007A8920 /* PreviewProvider.swift */; };
		1332CCB62A151B82007A8920 /* Double.swift in Sources */ = {isa = PBXBuildFile; fileRef = 1332CCB52A151B82007A8920 /* Double.swift */; };
		1332CCD62A263E8D007A8920 /* HomeViewModel.swift in Sources */ = {isa = PBXBuildFile; fileRef = 1332CCD52A263E8D007A8920 /* HomeViewModel.swift */; };
/* End PBXBuildFile section */

/* Begin PBXFileReference section */
		133055182A2B984900F8240D /* CoinDataService.swift */ = {isa = PBXFileReference; lastKnownFileType = sourcecode.swift; path = CoinDataService.swift; sourceTree = "<group>"; };
		1330551B2A2C221B00F8240D /* NetworkingManager.swift */ = {isa = PBXFileReference; lastKnownFileType = sourcecode.swift; path = NetworkingManager.swift; sourceTree = "<group>"; };
		1330551E2A2C269200F8240D /* CoinImageView.swift */ = {isa = PBXFileReference; lastKnownFileType = sourcecode.swift; path = CoinImageView.swift; sourceTree = "<group>"; };
		133055202A2C280F00F8240D /* CoinImageService.swift */ = {isa = PBXFileReference; lastKnownFileType = sourcecode.swift; path = CoinImageService.swift; sourceTree = "<group>"; };
		133055222A2C292F00F8240D /* CoinImageViewModel.swift */ = {isa = PBXFileReference; lastKnownFileType = sourcecode.swift; path = CoinImageViewModel.swift; sourceTree = "<group>"; };
		133055242A2C2F9200F8240D /* Info.plist */ = {isa = PBXFileReference; lastKnownFileType = text.plist; path = Info.plist; sourceTree = "<group>"; };
		133055252A2C310800F8240D /* LocalFileManager.swift */ = {isa = PBXFileReference; lastKnownFileType = sourcecode.swift; path = LocalFileManager.swift; sourceTree = "<group>"; };
		133055272A30B81B00F8240D /* SearchBarView.swift */ = {isa = PBXFileReference; lastKnownFileType = sourcecode.swift; path = SearchBarView.swift; sourceTree = "<group>"; };
		1330552A2A30BBA400F8240D /* PreviewProvider.swift */ = {isa = PBXFileReference; fileEncoding = 4; lastKnownFileType = sourcecode.swift; path = PreviewProvider.swift; sourceTree = "<group>"; };
		1330552B2A30BBA400F8240D /* Double.swift */ = {isa = PBXFileReference; fileEncoding = 4; lastKnownFileType = sourcecode.swift; path = Double.swift; sourceTree = "<group>"; };
		1330552C2A30BBA400F8240D /* Color.swift */ = {isa = PBXFileReference; fileEncoding = 4; lastKnownFileType = sourcecode.swift; path = Color.swift; sourceTree = "<group>"; };
		133055322A30BBE400F8240D /* UIApplication.swift */ = {isa = PBXFileReference; lastKnownFileType = sourcecode.swift; path = UIApplication.swift; sourceTree = "<group>"; };
		133055342A34716300F8240D /* StatisticModel.swift */ = {isa = PBXFileReference; lastKnownFileType = sourcecode.swift; path = StatisticModel.swift; sourceTree = "<group>"; };
		133055362A34722B00F8240D /* StatisticView.swift */ = {isa = PBXFileReference; lastKnownFileType = sourcecode.swift; path = StatisticView.swift; sourceTree = "<group>"; };
		133055382A34754B00F8240D /* HomeStatsView.swift */ = {isa = PBXFileReference; lastKnownFileType = sourcecode.swift; path = HomeStatsView.swift; sourceTree = "<group>"; };
		1330553A2A34BA6900F8240D /* MarketDataModel.swift */ = {isa = PBXFileReference; lastKnownFileType = sourcecode.swift; path = MarketDataModel.swift; sourceTree = "<group>"; };
		1330553C2A3610B400F8240D /* MarketDataService.swift */ = {isa = PBXFileReference; lastKnownFileType = sourcecode.swift; path = MarketDataService.swift; sourceTree = "<group>"; };
		1330553E2A38B42100F8240D /* PortfolioView.swift */ = {isa = PBXFileReference; lastKnownFileType = sourcecode.swift; path = PortfolioView.swift; sourceTree = "<group>"; };
		133055402A38B52500F8240D /* XMarkButton.swift */ = {isa = PBXFileReference; lastKnownFileType = sourcecode.swift; path = XMarkButton.swift; sourceTree = "<group>"; };
		133055422A38B78500F8240D /* CoinLogoView.swift */ = {isa = PBXFileReference; lastKnownFileType = sourcecode.swift; path = CoinLogoView.swift; sourceTree = "<group>"; };
		133055C02A5AD58800F8240D /* PortfolioContainer.xcdatamodel */ = {isa = PBXFileReference; lastKnownFileType = wrapper.xcdatamodel; path = PortfolioContainer.xcdatamodel; sourceTree = "<group>"; };
		133055C22A5AD5E700F8240D /* PortfolioDataService.swift */ = {isa = PBXFileReference; lastKnownFileType = sourcecode.swift; path = PortfolioDataService.swift; sourceTree = "<group>"; };
		133055C42A5C479700F8240D /* HapticManager.swift */ = {isa = PBXFileReference; lastKnownFileType = sourcecode.swift; path = HapticManager.swift; sourceTree = "<group>"; };
		1332CC8D2A0A8CF9007A8920 /* CryptoYoutube.app */ = {isa = PBXFileReference; explicitFileType = wrapper.application; includeInIndex = 0; path = CryptoYoutube.app; sourceTree = BUILT_PRODUCTS_DIR; };
		1332CC902A0A8CF9007A8920 /* CryptoYoutubeApp.swift */ = {isa = PBXFileReference; lastKnownFileType = sourcecode.swift; path = CryptoYoutubeApp.swift; sourceTree = "<group>"; };
		1332CC922A0A8CF9007A8920 /* ContentView.swift */ = {isa = PBXFileReference; lastKnownFileType = sourcecode.swift; path = ContentView.swift; sourceTree = "<group>"; };
		1332CC942A0A8CFA007A8920 /* Assets.xcassets */ = {isa = PBXFileReference; lastKnownFileType = folder.assetcatalog; path = Assets.xcassets; sourceTree = "<group>"; };
		1332CC972A0A8CFA007A8920 /* Preview Assets.xcassets */ = {isa = PBXFileReference; lastKnownFileType = folder.assetcatalog; path = "Preview Assets.xcassets"; sourceTree = "<group>"; };
		1332CC9F2A0BD642007A8920 /* Color.swift */ = {isa = PBXFileReference; lastKnownFileType = sourcecode.swift; path = Color.swift; sourceTree = "<group>"; };
		1332CCA62A0BD79A007A8920 /* HomeView.swift */ = {isa = PBXFileReference; lastKnownFileType = sourcecode.swift; path = HomeView.swift; sourceTree = "<group>"; };
		1332CCAA2A0BD88A007A8920 /* CircleButtonView.swift */ = {isa = PBXFileReference; lastKnownFileType = sourcecode.swift; path = CircleButtonView.swift; sourceTree = "<group>"; };
		1332CCAC2A0BDBB7007A8920 /* CircleButtonAnimationView.swift */ = {isa = PBXFileReference; lastKnownFileType = sourcecode.swift; path = CircleButtonAnimationView.swift; sourceTree = "<group>"; };
		1332CCAF2A1125F3007A8920 /* CoinModel.swift */ = {isa = PBXFileReference; lastKnownFileType = sourcecode.swift; path = CoinModel.swift; sourceTree = "<group>"; };
		1332CCB12A112C79007A8920 /* CoinRowView.swift */ = {isa = PBXFileReference; lastKnownFileType = sourcecode.swift; path = CoinRowView.swift; sourceTree = "<group>"; };
		1332CCB32A151680007A8920 /* PreviewProvider.swift */ = {isa = PBXFileReference; lastKnownFileType = sourcecode.swift; path = PreviewProvider.swift; sourceTree = "<group>"; };
		1332CCB52A151B82007A8920 /* Double.swift */ = {isa = PBXFileReference; lastKnownFileType = sourcecode.swift; path = Double.swift; sourceTree = "<group>"; };
		1332CCD52A263E8D007A8920 /* HomeViewModel.swift */ = {isa = PBXFileReference; lastKnownFileType = sourcecode.swift; path = HomeViewModel.swift; sourceTree = "<group>"; };
/* End PBXFileReference section */

/* Begin PBXFrameworksBuildPhase section */
		1332CC8A2A0A8CF9007A8920 /* Frameworks */ = {
			isa = PBXFrameworksBuildPhase;
			buildActionMask = 2147483647;
			files = (
			);
			runOnlyForDeploymentPostprocessing = 0;
		};
/* End PBXFrameworksBuildPhase section */

/* Begin PBXGroup section */
		133055172A2B983000F8240D /* Services */ = {
			isa = PBXGroup;
			children = (
				133055182A2B984900F8240D /* CoinDataService.swift */,
				133055202A2C280F00F8240D /* CoinImageService.swift */,
				1330553C2A3610B400F8240D /* MarketDataService.swift */,
				133055C22A5AD5E700F8240D /* PortfolioDataService.swift */,
			);
			path = Services;
			sourceTree = "<group>";
		};
		1330551A2A2C21DF00F8240D /* Utilities */ = {
			isa = PBXGroup;
			children = (
				1330551B2A2C221B00F8240D /* NetworkingManager.swift */,
				133055252A2C310800F8240D /* LocalFileManager.swift */,
				133055C42A5C479700F8240D /* HapticManager.swift */,
			);
			path = Utilities;
			sourceTree = "<group>";
		};
		1330551D2A2C268100F8240D /* CoinImage */ = {
			isa = PBXGroup;
			children = (
				1330551E2A2C269200F8240D /* CoinImageView.swift */,
				133055222A2C292F00F8240D /* CoinImageViewModel.swift */,
				133055422A38B78500F8240D /* CoinLogoView.swift */,
			);
			path = CoinImage;
			sourceTree = "<group>";
		};
		133055292A30BBA400F8240D /* Extensions */ = {
			isa = PBXGroup;
			children = (
				1330552A2A30BBA400F8240D /* PreviewProvider.swift */,
				1330552B2A30BBA400F8240D /* Double.swift */,
				1330552C2A30BBA400F8240D /* Color.swift */,
			);
			name = Extensions;
			sourceTree = "<group>";
		};
		1332CC842A0A8CF9007A8920 = {
			isa = PBXGroup;
			children = (
				1332CC8F2A0A8CF9007A8920 /* CryptoYoutube */,
				1332CC8E2A0A8CF9007A8920 /* Products */,
			);
			sourceTree = "<group>";
		};
		1332CC8E2A0A8CF9007A8920 /* Products */ = {
			isa = PBXGroup;
			children = (
				1332CC8D2A0A8CF9007A8920 /* CryptoYoutube.app */,
			);
			name = Products;
			sourceTree = "<group>";
		};
		1332CC8F2A0A8CF9007A8920 /* CryptoYoutube */ = {
			isa = PBXGroup;
			children = (
				133055242A2C2F9200F8240D /* Info.plist */,
				1332CC902A0A8CF9007A8920 /* CryptoYoutubeApp.swift */,
				1330551A2A2C21DF00F8240D /* Utilities */,
				1332CC9E2A0BD62A007A8920 /* Extensions */,
				133055172A2B983000F8240D /* Services */,
				1332CCAE2A1125BF007A8920 /* Models */,
				1332CCA12A0BD720007A8920 /* Core */,
				1332CC922A0A8CF9007A8920 /* ContentView.swift */,
				1332CC942A0A8CFA007A8920 /* Assets.xcassets */,
				1332CC962A0A8CFA007A8920 /* Preview Content */,
			);
			path = CryptoYoutube;
			sourceTree = "<group>";
		};
		1332CC962A0A8CFA007A8920 /* Preview Content */ = {
			isa = PBXGroup;
			children = (
				1332CC972A0A8CFA007A8920 /* Preview Assets.xcassets */,
			);
			path = "Preview Content";
			sourceTree = "<group>";
		};
		1332CC9E2A0BD62A007A8920 /* Extensions */ = {
			isa = PBXGroup;
			children = (
				1332CC9F2A0BD642007A8920 /* Color.swift */,
				1332CCB32A151680007A8920 /* PreviewProvider.swift */,
				1332CCB52A151B82007A8920 /* Double.swift */,
				133055322A30BBE400F8240D /* UIApplication.swift */,
				133055292A30BBA400F8240D /* Extensions */,
			);
			path = Extensions;
			sourceTree = "<group>";
		};
		1332CCA12A0BD720007A8920 /* Core */ = {
			isa = PBXGroup;
			children = (
				1332CCA82A0BD86C007A8920 /* Components */,
				1332CCA22A0BD732007A8920 /* Home */,
			);
			path = Core;
			sourceTree = "<group>";
		};
		1332CCA22A0BD732007A8920 /* Home */ = {
			isa = PBXGroup;
			children = (
				1332CCA32A0BD748007A8920 /* ViewModels */,
				1332CCA42A0BD75C007A8920 /* Views */,
			);
			path = Home;
			sourceTree = "<group>";
		};
		1332CCA32A0BD748007A8920 /* ViewModels */ = {
			isa = PBXGroup;
			children = (
				1332CCD52A263E8D007A8920 /* HomeViewModel.swift */,
			);
			path = ViewModels;
			sourceTree = "<group>";
		};
		1332CCA42A0BD75C007A8920 /* Views */ = {
			isa = PBXGroup;
			children = (
				1332CCA62A0BD79A007A8920 /* HomeView.swift */,
				1332CCB12A112C79007A8920 /* CoinRowView.swift */,
				133055382A34754B00F8240D /* HomeStatsView.swift */,
				1330553E2A38B42100F8240D /* PortfolioView.swift */,
			);
			path = Views;
			sourceTree = "<group>";
		};
		1332CCA82A0BD86C007A8920 /* Components */ = {
			isa = PBXGroup;
			children = (
				1330551D2A2C268100F8240D /* CoinImage */,
				1332CCA92A0BD877007A8920 /* CircleButton */,
				133055272A30B81B00F8240D /* SearchBarView.swift */,
				133055362A34722B00F8240D /* StatisticView.swift */,
				133055402A38B52500F8240D /* XMarkButton.swift */,
			);
			path = Components;
			sourceTree = "<group>";
		};
		1332CCA92A0BD877007A8920 /* CircleButton */ = {
			isa = PBXGroup;
			children = (
				1332CCAA2A0BD88A007A8920 /* CircleButtonView.swift */,
				1332CCAC2A0BDBB7007A8920 /* CircleButtonAnimationView.swift */,
			);
			path = CircleButton;
			sourceTree = "<group>";
		};
		1332CCAE2A1125BF007A8920 /* Models */ = {
			isa = PBXGroup;
			children = (
				1332CCAF2A1125F3007A8920 /* CoinModel.swift */,
				133055342A34716300F8240D /* StatisticModel.swift */,
				1330553A2A34BA6900F8240D /* MarketDataModel.swift */,
				133055BF2A5AD58800F8240D /* PortfolioContainer.xcdatamodeld */,
			);
			path = Models;
			sourceTree = "<group>";
		};
/* End PBXGroup section */

/* Begin PBXNativeTarget section */
		1332CC8C2A0A8CF9007A8920 /* CryptoYoutube */ = {
			isa = PBXNativeTarget;
			buildConfigurationList = 1332CC9B2A0A8CFA007A8920 /* Build configuration list for PBXNativeTarget "CryptoYoutube" */;
			buildPhases = (
				1332CC892A0A8CF9007A8920 /* Sources */,
				1332CC8A2A0A8CF9007A8920 /* Frameworks */,
				1332CC8B2A0A8CF9007A8920 /* Resources */,
			);
			buildRules = (
			);
			dependencies = (
			);
			name = CryptoYoutube;
			productName = CryptoYoutube;
			productReference = 1332CC8D2A0A8CF9007A8920 /* CryptoYoutube.app */;
			productType = "com.apple.product-type.application";
		};
/* End PBXNativeTarget section */

/* Begin PBXProject section */
		1332CC852A0A8CF9007A8920 /* Project object */ = {
			isa = PBXProject;
			attributes = {
				BuildIndependentTargetsInParallel = 1;
				LastSwiftUpdateCheck = 1420;
				LastUpgradeCheck = 1420;
				TargetAttributes = {
					1332CC8C2A0A8CF9007A8920 = {
						CreatedOnToolsVersion = 14.2;
					};
				};
			};
			buildConfigurationList = 1332CC882A0A8CF9007A8920 /* Build configuration list for PBXProject "CryptoYoutube" */;
			compatibilityVersion = "Xcode 14.0";
			developmentRegion = en;
			hasScannedForEncodings = 0;
			knownRegions = (
				en,
				Base,
			);
			mainGroup = 1332CC842A0A8CF9007A8920;
			productRefGroup = 1332CC8E2A0A8CF9007A8920 /* Products */;
			projectDirPath = "";
			projectRoot = "";
			targets = (
				1332CC8C2A0A8CF9007A8920 /* CryptoYoutube */,
			);
		};
/* End PBXProject section */

/* Begin PBXResourcesBuildPhase section */
		1332CC8B2A0A8CF9007A8920 /* Resources */ = {
			isa = PBXResourcesBuildPhase;
			buildActionMask = 2147483647;
			files = (
				1332CC982A0A8CFA007A8920 /* Preview Assets.xcassets in Resources */,
				1332CC952A0A8CFA007A8920 /* Assets.xcassets in Resources */,
			);
			runOnlyForDeploymentPostprocessing = 0;
		};
/* End PBXResourcesBuildPhase section */

/* Begin PBXSourcesBuildPhase section */
		1332CC892A0A8CF9007A8920 /* Sources */ = {
			isa = PBXSourcesBuildPhase;
			buildActionMask = 2147483647;
			files = (
				133055192A2B984900F8240D /* CoinDataService.swift in Sources */,
				133055372A34722B00F8240D /* StatisticView.swift in Sources */,
				1332CCB22A112C79007A8920 /* CoinRowView.swift in Sources */,
				1330552F2A30BBA400F8240D /* Color.swift in Sources */,
				133055392A34754B00F8240D /* HomeStatsView.swift in Sources */,
				1332CCD62A263E8D007A8920 /* HomeViewModel.swift in Sources */,
				1332CCAB2A0BD88A007A8920 /* CircleButtonView.swift in Sources */,
				133055262A2C310800F8240D /* LocalFileManager.swift in Sources */,
				1332CC932A0A8CF9007A8920 /* ContentView.swift in Sources */,
				1330551F2A2C269200F8240D /* CoinImageView.swift in Sources */,
				1332CCA72A0BD79A007A8920 /* HomeView.swift in Sources */,
				1330553D2A3610B400F8240D /* MarketDataService.swift in Sources */,
				1332CC912A0A8CF9007A8920 /* CryptoYoutubeApp.swift in Sources */,
				1332CCA02A0BD642007A8920 /* Color.swift in Sources */,
				133055282A30B81B00F8240D /* SearchBarView.swift in Sources */,
				133055352A34716300F8240D /* StatisticModel.swift in Sources */,
				1330551C2A2C221B00F8240D /* NetworkingManager.swift in Sources */,
				1332CCAD2A0BDBB7007A8920 /* CircleButtonAnimationView.swift in Sources */,
				133055332A30BBE400F8240D /* UIApplication.swift in Sources */,
				133055C52A5C479700F8240D /* HapticManager.swift in Sources */,
				1330552D2A30BBA400F8240D /* PreviewProvider.swift in Sources */,
				1330553B2A34BA6900F8240D /* MarketDataModel.swift in Sources */,
				133055C12A5AD58800F8240D /* PortfolioContainer.xcdatamodeld in Sources */,
				133055232A2C292F00F8240D /* CoinImageViewModel.swift in Sources */,
				1332CCB42A151680007A8920 /* PreviewProvider.swift in Sources */,
				1330553F2A38B42100F8240D /* PortfolioView.swift in Sources */,
				133055412A38B52500F8240D /* XMarkButton.swift in Sources */,
				1332CCB62A151B82007A8920 /* Double.swift in Sources */,
				133055432A38B78500F8240D /* CoinLogoView.swift in Sources */,
				133055212A2C280F00F8240D /* CoinImageService.swift in Sources */,
				1330552E2A30BBA400F8240D /* Double.swift in Sources */,
				133055C32A5AD5E700F8240D /* PortfolioDataService.swift in Sources */,
				1332CCB02A1125F3007A8920 /* CoinModel.swift in Sources */,
			);
			runOnlyForDeploymentPostprocessing = 0;
		};
/* End PBXSourcesBuildPhase section */

/* Begin XCBuildConfiguration section */
		1332CC992A0A8CFA007A8920 /* Debug */ = {
			isa = XCBuildConfiguration;
			buildSettings = {
				ALWAYS_SEARCH_USER_PATHS = NO;
				CLANG_ANALYZER_NONNULL = YES;
				CLANG_ANALYZER_NUMBER_OBJECT_CONVERSION = YES_AGGRESSIVE;
				CLANG_CXX_LANGUAGE_STANDARD = "gnu++20";
				CLANG_ENABLE_MODULES = YES;
				CLANG_ENABLE_OBJC_ARC = YES;
				CLANG_ENABLE_OBJC_WEAK = YES;
				CLANG_WARN_BLOCK_CAPTURE_AUTORELEASING = YES;
				CLANG_WARN_BOOL_CONVERSION = YES;
				CLANG_WARN_COMMA = YES;
				CLANG_WARN_CONSTANT_CONVERSION = YES;
				CLANG_WARN_DEPRECATED_OBJC_IMPLEMENTATIONS = YES;
				CLANG_WARN_DIRECT_OBJC_ISA_USAGE = YES_ERROR;
				CLANG_WARN_DOCUMENTATION_COMMENTS = YES;
				CLANG_WARN_EMPTY_BODY = YES;
				CLANG_WARN_ENUM_CONVERSION = YES;
				CLANG_WARN_INFINITE_RECURSION = YES;
				CLANG_WARN_INT_CONVERSION = YES;
				CLANG_WARN_NON_LITERAL_NULL_CONVERSION = YES;
				CLANG_WARN_OBJC_IMPLICIT_RETAIN_SELF = YES;
				CLANG_WARN_OBJC_LITERAL_CONVERSION = YES;
				CLANG_WARN_OBJC_ROOT_CLASS = YES_ERROR;
				CLANG_WARN_QUOTED_INCLUDE_IN_FRAMEWORK_HEADER = YES;
				CLANG_WARN_RANGE_LOOP_ANALYSIS = YES;
				CLANG_WARN_STRICT_PROTOTYPES = YES;
				CLANG_WARN_SUSPICIOUS_MOVE = YES;
				CLANG_WARN_UNGUARDED_AVAILABILITY = YES_AGGRESSIVE;
				CLANG_WARN_UNREACHABLE_CODE = YES;
				CLANG_WARN__DUPLICATE_METHOD_MATCH = YES;
				COPY_PHASE_STRIP = NO;
				DEBUG_INFORMATION_FORMAT = dwarf;
				ENABLE_STRICT_OBJC_MSGSEND = YES;
				ENABLE_TESTABILITY = YES;
				GCC_C_LANGUAGE_STANDARD = gnu11;
				GCC_DYNAMIC_NO_PIC = NO;
				GCC_NO_COMMON_BLOCKS = YES;
				GCC_OPTIMIZATION_LEVEL = 0;
				GCC_PREPROCESSOR_DEFINITIONS = (
					"DEBUG=1",
					"$(inherited)",
				);
				GCC_WARN_64_TO_32_BIT_CONVERSION = YES;
				GCC_WARN_ABOUT_RETURN_TYPE = YES_ERROR;
				GCC_WARN_UNDECLARED_SELECTOR = YES;
				GCC_WARN_UNINITIALIZED_AUTOS = YES_AGGRESSIVE;
				GCC_WARN_UNUSED_FUNCTION = YES;
				GCC_WARN_UNUSED_VARIABLE = YES;
				IPHONEOS_DEPLOYMENT_TARGET = 16.2;
				MTL_ENABLE_DEBUG_INFO = INCLUDE_SOURCE;
				MTL_FAST_MATH = YES;
				ONLY_ACTIVE_ARCH = YES;
				SDKROOT = iphoneos;
				SWIFT_ACTIVE_COMPILATION_CONDITIONS = DEBUG;
				SWIFT_OPTIMIZATION_LEVEL = "-Onone";
			};
			name = Debug;
		};
		1332CC9A2A0A8CFA007A8920 /* Release */ = {
			isa = XCBuildConfiguration;
			buildSettings = {
				ALWAYS_SEARCH_USER_PATHS = NO;
				CLANG_ANALYZER_NONNULL = YES;
				CLANG_ANALYZER_NUMBER_OBJECT_CONVERSION = YES_AGGRESSIVE;
				CLANG_CXX_LANGUAGE_STANDARD = "gnu++20";
				CLANG_ENABLE_MODULES = YES;
				CLANG_ENABLE_OBJC_ARC = YES;
				CLANG_ENABLE_OBJC_WEAK = YES;
				CLANG_WARN_BLOCK_CAPTURE_AUTORELEASING = YES;
				CLANG_WARN_BOOL_CONVERSION = YES;
				CLANG_WARN_COMMA = YES;
				CLANG_WARN_CONSTANT_CONVERSION = YES;
				CLANG_WARN_DEPRECATED_OBJC_IMPLEMENTATIONS = YES;
				CLANG_WARN_DIRECT_OBJC_ISA_USAGE = YES_ERROR;
				CLANG_WARN_DOCUMENTATION_COMMENTS = YES;
				CLANG_WARN_EMPTY_BODY = YES;
				CLANG_WARN_ENUM_CONVERSION = YES;
				CLANG_WARN_INFINITE_RECURSION = YES;
				CLANG_WARN_INT_CONVERSION = YES;
				CLANG_WARN_NON_LITERAL_NULL_CONVERSION = YES;
				CLANG_WARN_OBJC_IMPLICIT_RETAIN_SELF = YES;
				CLANG_WARN_OBJC_LITERAL_CONVERSION = YES;
				CLANG_WARN_OBJC_ROOT_CLASS = YES_ERROR;
				CLANG_WARN_QUOTED_INCLUDE_IN_FRAMEWORK_HEADER = YES;
				CLANG_WARN_RANGE_LOOP_ANALYSIS = YES;
				CLANG_WARN_STRICT_PROTOTYPES = YES;
				CLANG_WARN_SUSPICIOUS_MOVE = YES;
				CLANG_WARN_UNGUARDED_AVAILABILITY = YES_AGGRESSIVE;
				CLANG_WARN_UNREACHABLE_CODE = YES;
				CLANG_WARN__DUPLICATE_METHOD_MATCH = YES;
				COPY_PHASE_STRIP = NO;
				DEBUG_INFORMATION_FORMAT = "dwarf-with-dsym";
				ENABLE_NS_ASSERTIONS = NO;
				ENABLE_STRICT_OBJC_MSGSEND = YES;
				GCC_C_LANGUAGE_STANDARD = gnu11;
				GCC_NO_COMMON_BLOCKS = YES;
				GCC_WARN_64_TO_32_BIT_CONVERSION = YES;
				GCC_WARN_ABOUT_RETURN_TYPE = YES_ERROR;
				GCC_WARN_UNDECLARED_SELECTOR = YES;
				GCC_WARN_UNINITIALIZED_AUTOS = YES_AGGRESSIVE;
				GCC_WARN_UNUSED_FUNCTION = YES;
				GCC_WARN_UNUSED_VARIABLE = YES;
				IPHONEOS_DEPLOYMENT_TARGET = 16.2;
				MTL_ENABLE_DEBUG_INFO = NO;
				MTL_FAST_MATH = YES;
				SDKROOT = iphoneos;
				SWIFT_COMPILATION_MODE = wholemodule;
				SWIFT_OPTIMIZATION_LEVEL = "-O";
				VALIDATE_PRODUCT = YES;
			};
			name = Release;
		};
		1332CC9C2A0A8CFA007A8920 /* Debug */ = {
			isa = XCBuildConfiguration;
			buildSettings = {
				ASSETCATALOG_COMPILER_APPICON_NAME = AppIcon;
				ASSETCATALOG_COMPILER_GLOBAL_ACCENT_COLOR_NAME = AccentColor;
				CODE_SIGN_STYLE = Automatic;
				CURRENT_PROJECT_VERSION = 1;
				DEVELOPMENT_ASSET_PATHS = "\"CryptoYoutube/Preview Content\"";
				DEVELOPMENT_TEAM = 3F6RB5JZKP;
				ENABLE_PREVIEWS = YES;
				GENERATE_INFOPLIST_FILE = YES;
				INFOPLIST_FILE = CryptoYoutube/Info.plist;
				INFOPLIST_KEY_CFBundleDisplayName = Cryptotoro;
				INFOPLIST_KEY_UIApplicationSceneManifest_Generation = YES;
				INFOPLIST_KEY_UIApplicationSupportsIndirectInputEvents = YES;
				INFOPLIST_KEY_UILaunchScreen_Generation = YES;
				INFOPLIST_KEY_UISupportedInterfaceOrientations = UIInterfaceOrientationPortrait;
				LD_RUNPATH_SEARCH_PATHS = (
					"$(inherited)",
					"@executable_path/Frameworks",
				);
				MARKETING_VERSION = 1.0;
				PRODUCT_BUNDLE_IDENTIFIER = com.hebaek.CryptoYoutube;
				PRODUCT_NAME = "$(TARGET_NAME)";
				SWIFT_EMIT_LOC_STRINGS = YES;
				SWIFT_VERSION = 5.0;
				TARGETED_DEVICE_FAMILY = "1,2";
			};
			name = Debug;
		};
		1332CC9D2A0A8CFA007A8920 /* Release */ = {
			isa = XCBuildConfiguration;
			buildSettings = {
				ASSETCATALOG_COMPILER_APPICON_NAME = AppIcon;
				ASSETCATALOG_COMPILER_GLOBAL_ACCENT_COLOR_NAME = AccentColor;
				CODE_SIGN_STYLE = Automatic;
				CURRENT_PROJECT_VERSION = 1;
				DEVELOPMENT_ASSET_PATHS = "\"CryptoYoutube/Preview Content\"";
				DEVELOPMENT_TEAM = 3F6RB5JZKP;
				ENABLE_PREVIEWS = YES;
				GENERATE_INFOPLIST_FILE = YES;
				INFOPLIST_FILE = CryptoYoutube/Info.plist;
				INFOPLIST_KEY_CFBundleDisplayName = Cryptotoro;
				INFOPLIST_KEY_UIApplicationSceneManifest_Generation = YES;
				INFOPLIST_KEY_UIApplicationSupportsIndirectInputEvents = YES;
				INFOPLIST_KEY_UILaunchScreen_Generation = YES;
				INFOPLIST_KEY_UISupportedInterfaceOrientations = UIInterfaceOrientationPortrait;
				LD_RUNPATH_SEARCH_PATHS = (
					"$(inherited)",
					"@executable_path/Frameworks",
				);
				MARKETING_VERSION = 1.0;
				PRODUCT_BUNDLE_IDENTIFIER = com.hebaek.CryptoYoutube;
				PRODUCT_NAME = "$(TARGET_NAME)";
				SWIFT_EMIT_LOC_STRINGS = YES;
				SWIFT_VERSION = 5.0;
				TARGETED_DEVICE_FAMILY = "1,2";
			};
			name = Release;
		};
/* End XCBuildConfiguration section */

/* Begin XCConfigurationList section */
		1332CC882A0A8CF9007A8920 /* Build configuration list for PBXProject "CryptoYoutube" */ = {
			isa = XCConfigurationList;
			buildConfigurations = (
				1332CC992A0A8CFA007A8920 /* Debug */,
				1332CC9A2A0A8CFA007A8920 /* Release */,
			);
			defaultConfigurationIsVisible = 0;
			defaultConfigurationName = Release;
		};
		1332CC9B2A0A8CFA007A8920 /* Build configuration list for PBXNativeTarget "CryptoYoutube" */ = {
			isa = XCConfigurationList;
			buildConfigurations = (
				1332CC9C2A0A8CFA007A8920 /* Debug */,
				1332CC9D2A0A8CFA007A8920 /* Release */,
			);
			defaultConfigurationIsVisible = 0;
			defaultConfigurationName = Release;
		};
/* End XCConfigurationList section */

/* Begin XCVersionGroup section */
		133055BF2A5AD58800F8240D /* PortfolioContainer.xcdatamodeld */ = {
			isa = XCVersionGroup;
			children = (
				133055C02A5AD58800F8240D /* PortfolioContainer.xcdatamodel */,
			);
			currentVersion = 133055C02A5AD58800F8240D /* PortfolioContainer.xcdatamodel */;
			path = PortfolioContainer.xcdatamodeld;
			sourceTree = "<group>";
			versionGroupType = wrapper.xcdatamodel;
		};
/* End XCVersionGroup section */
	};
	rootObject = 1332CC852A0A8CF9007A8920 /* Project object */;
}
